Microsoft Visual Studio Solution File, Format Version 12.00
# Visual Studio Version 17
VisualStudioVersion = 17.5.2.0
MinimumVisualStudioVersion = 10.0.40219.1
Project("{2150E333-8FDC-42A3-9474-1A3956D46DE8}") = "api", "api", "{D82C56D6-B2CD-F611-9E31-04638F7EC30E}"
EndProject
Project("{FAE04EC0-301F-11D3-BF4B-00C04F79EFBC}") = "QuanLyTienDo.API", "api\QuanLyTienDo.API\QuanLyTienDo.API.csproj", "{EEE7235A-D87E-9208-C353-B1BC6D2BD3D0}"
EndProject
Global
	GlobalSection(SolutionConfigurationPlatforms) = preSolution
		Debug|Any CPU = Debug|Any CPU
		Release|Any CPU = Release|Any CPU
	EndGlobalSection
	GlobalSection(ProjectConfigurationPlatforms) = postSolution
		{EEE7235A-D87E-9208-C353-B1BC6D2BD3D0}.Debug|Any CPU.ActiveCfg = Debug|Any CPU
		{EEE7235A-D87E-9208-C353-B1BC6D2BD3D0}.Debug|Any CPU.Build.0 = Debug|Any CPU
		{EEE7235A-D87E-9208-C353-B1BC6D2BD3D0}.Release|Any CPU.ActiveCfg = Release|Any CPU
		{EEE7235A-D87E-9208-C353-B1BC6D2BD3D0}.Release|Any CPU.Build.0 = Release|Any CPU
	EndGlobalSection
	GlobalSection(SolutionProperties) = preSolution
		HideSolutionNode = FALSE
	EndGlobalSection
	GlobalSection(NestedProjects) = preSolution
		{EEE7235A-D87E-9208-C353-B1BC6D2BD3D0} = {D82C56D6-B2CD-F611-9E31-04638F7EC30E}
	EndGlobalSection
	GlobalSection(ExtensibilityGlobals) = postSolution
		SolutionGuid = {B161A290-C7B6-4506-AB7C-B7B9735E5799}
	EndGlobalSection
EndGlobal
